github.com/McShelby/hugo-theme-relearn v0.0.0-20210828102253-7315c6036c84 h1:jIuCHRcNiW0QKJOGnirb8J96nV4dJtOz5vahh0LrNKA=
github.com/McShelby/hugo-theme-relearn v0.0.0-20210828102253-7315c6036c84/go.mod h1:DJlNSftm/1+M1YSoUQp61lRfOWc8QBBuLdVk7YiV23s=
github.com/McShelby/hugo-theme-relearn v0.0.0-20210913191523-c4e5ed068a95 h1:8kAiyjuyLa3rRKSbhytyvhO7vz5ZG0w5fHby61y8mj0=
github.com/McShelby/hugo-theme-relearn v0.0.0-20210913191523-c4e5ed068a95/go.mod h1:DJlNSftm/1+M1YSoUQp61lRfOWc8QBBuLdVk7YiV23s=
github.com/McShelby/hugo-theme-relearn v0.0.0-20211103210339-8a90e237f303 h1:zu6Kn/D6U1Fifi8/vVQuNvfqHxy96InoO2Lg7yPzHdc=
github.com/McShelby/hugo-theme-relearn v0.0.0-20211103210339-8a90e237f303/go.mod h1:DJlNSftm/1+M1YSoUQp61lRfOWc8QBBuLdVk7YiV23s=
github.com/McShelby/hugo-theme-relearn v0.0.0-20211119224306-743fa5bd8fa7 h1:X/zv0ZJT/p8luGEL7BA0tWqljT5JAjfOFRuXNM7Gjrg=
github.com/McShelby/hugo-theme-relearn v0.0.0-20211119224306-743fa5bd8fa7/go.mod h1:DJlNSftm/1+M1YSoUQp61lRfOWc8QBBuLdVk7YiV23s=
github.com/McShelby/hugo-theme-relearn v0.0.0-20220222232323-5058d5160c4d h1:aP9HCjm2VDZhbIZQNrSL+CtWyfFeZmw4ltZmhaD0p5A=
github.com/McShelby/hugo-theme-relearn v0.0.0-20220222232323-5058d5160c4d/go.mod h1:DJlNSftm/1+M1YSoUQp61lRfOWc8QBBuLdVk7YiV23s=
github.com/McShelby/hugo-theme-relearn v0.0.0-20220315200129-90a8f8878d4d h1:KfzOPYJjo04xANKv+6r0up84+uslE5codehI7BaMlXs=
github.com/McShelby/hugo-theme-relearn v0.0.0-20220315200129-90a8f8878d4d/go.mod h1:DJlNSftm/1+M1YSoUQp61lRfOWc8QBBuLdVk7YiV23s=
github.com/McShelby/hugo-theme-relearn v0.0.0-20220319192328-d5ae0ccd68c4 h1:LmfZi6qRF3msY4FLwkFbrt2CDCP9DIDlywhRLLqMO/s=
github.com/McShelby/hugo-theme-relearn v0.0.0-20220319192328-d5ae0ccd68c4/go.mod h1:DJlNSftm/1+M1YSoUQp61lRfOWc8QBBuLdVk7YiV23s=
github.com/McShelby/hugo-theme-relearn v0.0.0-20221223022549-d6d2a9e72d9c h1:dDyh5SwB6jkxDX0faL6pYazDd/V/V9lGSzFOKd3X/Rs=
github.com/McShelby/hugo-theme-relearn v0.0.0-20221223022549-d6d2a9e72d9c/go.mod h1:mKQQdxZNIlLvAj8X3tMq+RzntIJSr9z7XdzuMomt0IM=
github.com/McShelby/hugo-theme-relearn v0.0.0-20230525115306-436ffe076c7d h1:nB3K/thYYmx8kJR3Y7bqJxyTkoXyY7LvhurIEDbOAQ4=
github.com/McShelby/hugo-theme-relearn v0.0.0-20230525115306-436ffe076c7d/go.mod h1:mKQQdxZNIlLvAj8X3tMq+RzntIJSr9z7XdzuMomt0IM=
github.com/McShelby/hugo-theme-relearn v0.0.0-20230603221950-30b23b921352 h1:UBXlbbXEw+TWoKiFynNG2Kj6eIHIefZyyh3syV1HaT4=
github.com/McShelby/hugo-theme-relearn v0.0.0-20230603221950-30b23b921352/go.mod h1:mKQQdxZNIlLvAj8X3tMq+RzntIJSr9z7XdzuMomt0IM=
